
Microsoft Visual Studio Solution File, Format Version 12.00
# Visual Studio Version 17
VisualStudioVersion = 17.5.002.0
MinimumVisualStudioVersion = 10.0.40219.1
Project("{9A19103F-16F7-4668-BE54-9A1E7A4F7556}") = "Tipos", "Tipos.csproj", "{F11C4639-3305-4F2B-AFD3-30B564539B58}"
EndProject
Global
	GlobalSection(SolutionConfigurationPlatforms) = preSolution
		Debug|Any CPU = Debug|Any CPU
		Release|Any CPU = Release|Any CPU
	EndGlobalSection
	GlobalSection(ProjectConfigurationPlatforms) = postSolution
		{F11C4639-3305-4F2B-AFD3-30B564539B58}.Debug|Any CPU.ActiveCfg = Debug|Any CPU
		{F11C4639-3305-4F2B-AFD3-30B564539B58}.Debug|Any CPU.Build.0 = Debug|Any CPU
		{F11C4639-3305-4F2B-AFD3-30B564539B58}.Release|Any CPU.ActiveCfg = Release|Any CPU
		{F11C4639-3305-4F2B-AFD3-30B564539B58}.Release|Any CPU.Build.0 = Release|Any CPU
	EndGlobalSection
	GlobalSection(SolutionProperties) = preSolution
		HideSolutionNode = FALSE
	EndGlobalSection
	GlobalSection(ExtensibilityGlobals) = postSolution
		SolutionGuid = {1ED4FF3A-FE21-4DAD-B79A-29AFCF62583C}
	EndGlobalSection
EndGlobal
